
Microsoft Visual Studio Solution File, Format Version 12.00
# Visual Studio 15
Project("{FAE04EC0-301F-11D3-BF4B-00C04F79EFBC}") = "Assembly-CSharp", "Assembly-CSharp.csproj", "{B08D0803-4D3E-61BD-032A-5135CCCC3D91}"
EndProject
Project("{FAE04EC0-301F-11D3-BF4B-00C04F79EFBC}") = "Assembly-CSharp-Editor", "Assembly-CSharp-Editor.csproj", "{1428A281-B8EC-1A48-A3FC-ADA631CCFF73}"
EndProject
Global
	GlobalSection(SolutionConfigurationPlatforms) = preSolution
		Debug|Any CPU = Debug|Any CPU
		Release|Any CPU = Release|Any CPU
	EndGlobalSection
	GlobalSection(ProjectConfigurationPlatforms) = postSolution
		{B08D0803-4D3E-61BD-032A-5135CCCC3D91}.Debug|Any CPU.ActiveCfg = Debug|Any CPU
		{B08D0803-4D3E-61BD-032A-5135CCCC3D91}.Debug|Any CPU.Build.0 = Debug|Any CPU
		{B08D0803-4D3E-61BD-032A-5135CCCC3D91}.Release|Any CPU.ActiveCfg = Release|Any CPU
		{B08D0803-4D3E-61BD-032A-5135CCCC3D91}.Release|Any CPU.Build.0 = Release|Any CPU
		{1428A281-B8EC-1A48-A3FC-ADA631CCFF73}.Debug|Any CPU.ActiveCfg = Debug|Any CPU
		{1428A281-B8EC-1A48-A3FC-ADA631CCFF73}.Debug|Any CPU.Build.0 = Debug|Any CPU
		{1428A281-B8EC-1A48-A3FC-ADA631CCFF73}.Release|Any CPU.ActiveCfg = Release|Any CPU
		{1428A281-B8EC-1A48-A3FC-ADA631CCFF73}.Release|Any CPU.Build.0 = Release|Any CPU
	EndGlobalSection
	GlobalSection(SolutionProperties) = preSolution
		HideSolutionNode = FALSE
	EndGlobalSection
EndGlobal
